
Microsoft Visual Studio Solution File, Format Version 12.00
# Visual Studio Version 17
VisualStudioVersion = 17.9.34728.123
MinimumVisualStudioVersion = 10.0.40219.1
Project("{FAE04EC0-301F-11D3-BF4B-00C04F79EFBC}") = "FluentNHibernate", "FluentNHibernate\FluentNHibernate.csproj", "{E6243DAC-CD7B-4A2F-AC07-51AA186FA783}"
EndProject
Global
	GlobalSection(SolutionConfigurationPlatforms) = preSolution
		Debug|Any CPU = Debug|Any CPU
		Release|Any CPU = Release|Any CPU
	EndGlobalSection
	GlobalSection(ProjectConfigurationPlatforms) = postSolution
		{E6243DAC-CD7B-4A2F-AC07-51AA186FA783}.Debug|Any CPU.ActiveCfg = Debug|Any CPU
		{E6243DAC-CD7B-4A2F-AC07-51AA186FA783}.Debug|Any CPU.Build.0 = Debug|Any CPU
		{E6243DAC-CD7B-4A2F-AC07-51AA186FA783}.Release|Any CPU.ActiveCfg = Release|Any CPU
		{E6243DAC-CD7B-4A2F-AC07-51AA186FA783}.Release|Any CPU.Build.0 = Release|Any CPU
	EndGlobalSection
	GlobalSection(SolutionProperties) = preSolution
		HideSolutionNode = FALSE
	EndGlobalSection
	GlobalSection(ExtensibilityGlobals) = postSolution
		SolutionGuid = {2D4B2FFD-74F1-4A93-851C-C527439C0A38}
	EndGlobalSection
EndGlobal
